// !$*UTF8*$!
{
	archiveVersion = 1;
	classes = {
	};
	objectVersion = 46;
	objects = {

/* Begin PBXBuildFile section */
		336A692E1EAFEEA1000AF2EA /* TextViewController.swift in Sources */ = {isa = PBXBuildFile; fileRef = 336A692D1EAFEEA1000AF2EA /* TextViewController.swift */; };
		3F8E900A1EAC34C100BE3BBA /* HomeViewController.swift in Sources */ = {isa = PBXBuildFile; fileRef = 3F8E90091EAC34C100BE3BBA /* HomeViewController.swift */; };
		94D3CDA41EAC246900AAE7FD /* AppDelegate.swift in Sources */ = {isa = PBXBuildFile; fileRef = 94D3CDA31EAC246900AAE7FD /* AppDelegate.swift */; };
		94D3CDA61EAC246900AAE7FD /* ViewController.swift in Sources */ = {isa = PBXBuildFile; fileRef = 94D3CDA51EAC246900AAE7FD /* ViewController.swift */; };
		94D3CDA91EAC246900AAE7FD /* Main.storyboard in Resources */ = {isa = PBXBuildFile; fileRef = 94D3CDA71EAC246900AAE7FD /* Main.storyboard */; };
		94D3CDAB1EAC246900AAE7FD /* Assets.xcassets in Resources */ = {isa = PBXBuildFile; fileRef = 94D3CDAA1EAC246900AAE7FD /* Assets.xcassets */; };
		94D3CDAE1EAC246900AAE7FD /* LaunchScreen.storyboard in Resources */ = {isa = PBXBuildFile; fileRef = 94D3CDAC1EAC246900AAE7FD /* LaunchScreen.storyboard */; };
/* End PBXBuildFile section */

/* Begin PBXFileReference section */
		336A692D1EAFEEA1000AF2EA /* TextViewController.swift */ = {isa = PBXFileReference; fileEncoding = 4; lastKnownFileType = sourcecode.swift; path = TextViewController.swift; sourceTree = "<group>"; };
		3F8E90091EAC34C100BE3BBA /* HomeViewController.swift */ = {isa = PBXFileReference; fileEncoding = 4; lastKnownFileType = sourcecode.swift; name = HomeViewController.swift; path = ../HomeViewController.swift; sourceTree = "<group>"; };
		94D3CDA01EAC246900AAE7FD /* RandomEats.app */ = {isa = PBXFileReference; explicitFileType = wrapper.application; includeInIndex = 0; path = RandomEats.app; sourceTree = BUILT_PRODUCTS_DIR; };
		94D3CDA31EAC246900AAE7FD /* AppDelegate.swift */ = {isa = PBXFileReference; lastKnownFileType = sourcecode.swift; path = AppDelegate.swift; sourceTree = "<group>"; };
		94D3CDA51EAC246900AAE7FD /* ViewController.swift */ = {isa = PBXFileReference; lastKnownFileType = sourcecode.swift; path = ViewController.swift; sourceTree = "<group>"; };
		94D3CDA81EAC246900AAE7FD /* Base */ = {isa = PBXFileReference; lastKnownFileType = file.storyboard; name = Base; path = Base.lproj/Main.storyboard; sourceTree = "<group>"; };
		94D3CDAA1EAC246900AAE7FD /* Assets.xcassets */ = {isa = PBXFileReference; lastKnownFileType = folder.assetcatalog; path = Assets.xcassets; sourceTree = "<group>"; };
		94D3CDAD1EAC246900AAE7FD /* Base */ = {isa = PBXFileReference; lastKnownFileType = file.storyboard; name = Base; path = Base.lproj/LaunchScreen.storyboard; sourceTree = "<group>"; };
		94D3CDAF1EAC246900AAE7FD /* Info.plist */ = {isa = PBXFileReference; lastKnownFileType = text.plist.xml; path = Info.plist; sourceTree = "<group>"; };
/* End PBXFileReference section */

/* Begin PBXFrameworksBuildPhase section */
		94D3CD9D1EAC246900AAE7FD /* Frameworks */ = {
			isa = PBXFrameworksBuildPhase;
			buildActionMask = 2147483647;
			files = (
			);
			runOnlyForDeploymentPostprocessing = 0;
		};
/* End PBXFrameworksBuildPhase section */

/* Begin PBXGroup section */
		94D3CD971EAC246900AAE7FD = {
			isa = PBXGroup;
			children = (
				94D3CDA21EAC246900AAE7FD /* RandomEats */,
				94D3CDA11EAC246900AAE7FD /* Products */,
			);
			sourceTree = "<group>";
		};
		94D3CDA11EAC246900AAE7FD /* Products */ = {
			isa = PBXGroup;
			children = (
				94D3CDA01EAC246900AAE7FD /* RandomEats.app */,
			);
			name = Products;
			sourceTree = "<group>";
		};
		94D3CDA21EAC246900AAE7FD /* RandomEats */ = {
			isa = PBXGroup;
			children = (
				94D3CDA31EAC246900AAE7FD /* AppDelegate.swift */,
				3F8E90091EAC34C100BE3BBA /* HomeViewController.swift */,
				94D3CDA51EAC246900AAE7FD /* ViewController.swift */,
				94D3CDA71EAC246900AAE7FD /* Main.storyboard */,
				94D3CDAA1EAC246900AAE7FD /* Assets.xcassets */,
				94D3CDAC1EAC246900AAE7FD /* LaunchScreen.storyboard */,
				94D3CDAF1EAC246900AAE7FD /* Info.plist */,
				336A692D1EAFEEA1000AF2EA /* TextViewController.swift */,
			);
			path = RandomEats;
			sourceTree = "<group>";
		};
/* End PBXGroup section */

/* Begin PBXNativeTarget section */
		94D3CD9F1EAC246900AAE7FD /* RandomEats */ = {
			isa = PBXNativeTarget;
			buildConfigurationList = 94D3CDB21EAC246900AAE7FD /* Build configuration list for PBXNativeTarget "RandomEats" */;
			buildPhases = (
				94D3CD9C1EAC246900AAE7FD /* Sources */,
				94D3CD9D1EAC246900AAE7FD /* Frameworks */,
				94D3CD9E1EAC246900AAE7FD /* Resources */,
			);
			buildRules = (
			);
			dependencies = (
			);
			name = RandomEats;
			productName = RandomEats;
			productReference = 94D3CDA01EAC246900AAE7FD /* RandomEats.app */;
			productType = "com.apple.product-type.application";
		};
/* End PBXNativeTarget section */

/* Begin PBXProject section */
		94D3CD981EAC246900AAE7FD /* Project object */ = {
			isa = PBXProject;
			attributes = {
				LastSwiftUpdateCheck = 0830;
				LastUpgradeCheck = 0830;
				ORGANIZATIONNAME = "Brandon Nguyen";
				TargetAttributes = {
					94D3CD9F1EAC246900AAE7FD = {
						CreatedOnToolsVersion = 8.3.2;
						DevelopmentTeam = 6WA6Y7KBQJ;
						ProvisioningStyle = Automatic;
					};
				};
			};
			buildConfigurationList = 94D3CD9B1EAC246900AAE7FD /* Build configuration list for PBXProject "RandomEats" */;
			compatibilityVersion = "Xcode 3.2";
			developmentRegion = English;
			hasScannedForEncodings = 0;
			knownRegions = (
				en,
				Base,
			);
			mainGroup = 94D3CD971EAC246900AAE7FD;
			productRefGroup = 94D3CDA11EAC246900AAE7FD /* Products */;
			projectDirPath = "";
			projectRoot = "";
			targets = (
				94D3CD9F1EAC246900AAE7FD /* RandomEats */,
			);
		};
/* End PBXProject section */

/* Begin PBXResourcesBuildPhase section */
		94D3CD9E1EAC246900AAE7FD /* Resources */ = {
			isa = PBXResourcesBuildPhase;
			buildActionMask = 2147483647;
			files = (
				94D3CDAE1EAC246900AAE7FD /* LaunchScreen.storyboard in Resources */,
				94D3CDAB1EAC246900AAE7FD /* Assets.xcassets in Resources */,
				94D3CDA91EAC246900AAE7FD /* Main.storyboard in Resources */,
			);
			runOnlyForDeploymentPostprocessing = 0;
		};
/* End PBXResourcesBuildPhase section */

/* Begin PBXSourcesBuildPhase section */
		94D3CD9C1EAC246900AAE7FD /* Sources */ = {
			isa = PBXSourcesBuildPhase;
			buildActionMask = 2147483647;
			files = (
				94D3CDA61EAC246900AAE7FD /* ViewController.swift in Sources */,
				94D3CDA41EAC246900AAE7FD /* AppDelegate.swift in Sources */,
				3F8E900A1EAC34C100BE3BBA /* HomeViewController.swift in Sources */,
				336A692E1EAFEEA1000AF2EA /* TextViewController.swift in Sources */,
			);
			runOnlyForDeploymentPostprocessing = 0;
		};
/* End PBXSourcesBuildPhase section */

/* Begin PBXVariantGroup section */
		94D3CDA71EAC246900AAE7FD /* Main.storyboard */ = {
			isa = PBXVariantGroup;
			children = (
				94D3CDA81EAC246900AAE7FD /* Base */,
			);
			name = Main.storyboard;
			sourceTree = "<group>";
		};
		94D3CDAC1EAC246900AAE7FD /* LaunchScreen.storyboard */ = {
			isa = PBXVariantGroup;
			children = (
				94D3CDAD1EAC246900AAE7FD /* Base */,
			);
			name = LaunchScreen.storyboard;
			sourceTree = "<group>";
		};
/* End PBXVariantGroup section */

/* Begin XCBuildConfiguration section */
		94D3CDB01EAC246900AAE7FD /* Debug */ = {
			isa = XCBuildConfiguration;
			buildSettings = {
				ALWAYS_SEARCH_USER_PATHS = NO;
				CLANG_ANALYZER_NONNULL = YES;
				CLANG_ANALYZER_NUMBER_OBJECT_CONVERSION = YES_AGGRESSIVE;
				CLANG_CXX_LANGUAGE_STANDARD = "gnu++0x";
				CLANG_CXX_LIBRARY = "libc++";
				CLANG_ENABLE_MODULES = YES;
				CLANG_ENABLE_OBJC_ARC = YES;
				CLANG_WARN_BOOL_CONVERSION = YES;
				CLANG_WARN_CONSTANT_CONVERSION = YES;
				CLANG_WARN_DIRECT_OBJC_ISA_USAGE = YES_ERROR;
				CLANG_WARN_DOCUMENTATION_COMMENTS = YES;
				CLANG_WARN_EMPTY_BODY = YES;
				CLANG_WARN_ENUM_CONVERSION = YES;
				CLANG_WARN_INFINITE_RECURSION = YES;
				CLANG_WARN_INT_CONVERSION = YES;
				CLANG_WARN_OBJC_ROOT_CLASS = YES_ERROR;
				CLANG_WARN_SUSPICIOUS_MOVE = YES;
				CLANG_WARN_UNREACHABLE_CODE = YES;
				CLANG_WARN__DUPLICATE_METHOD_MATCH = YES;
				"CODE_SIGN_IDENTITY[sdk=iphoneos*]" = "iPhone Developer";
				COPY_PHASE_STRIP = NO;
				DEBUG_INFORMATION_FORMAT = dwarf;
				ENABLE_STRICT_OBJC_MSGSEND = YES;
				ENABLE_TESTABILITY = YES;
				GCC_C_LANGUAGE_STANDARD = gnu99;
				GCC_DYNAMIC_NO_PIC = NO;
				GCC_NO_COMMON_BLOCKS = YES;
				GCC_OPTIMIZATION_LEVEL = 0;
				GCC_PREPROCESSOR_DEFINITIONS = (
					"DEBUG=1",
					"$(inherited)",
				);
				GCC_WARN_64_TO_32_BIT_CONVERSION = YES;
				GCC_WARN_ABOUT_RETURN_TYPE = YES_ERROR;
				GCC_WARN_UNDECLARED_SELECTOR = YES;
				GCC_WARN_UNINITIALIZED_AUTOS = YES_AGGRESSIVE;
				GCC_WARN_UNUSED_FUNCTION = YES;
				GCC_WARN_UNUSED_VARIABLE = YES;
				IPHONEOS_DEPLOYMENT_TARGET = 10.3;
				MTL_ENABLE_DEBUG_INFO = YES;
				ONLY_ACTIVE_ARCH = YES;
				SDKROOT = iphoneos;
				SWIFT_ACTIVE_COMPILATION_CONDITIONS = DEBUG;
				SWIFT_OPTIMIZATION_LEVEL = "-Onone";
				TARGETED_DEVICE_FAMILY = "1,2";
			};
			name = Debug;
		};
		94D3CDB11EAC246900AAE7FD /* Release */ = {
			isa = XCBuildConfiguration;
			buildSettings = {
				ALWAYS_SEARCH_USER_PATHS = NO;
				CLANG_ANALYZER_NONNULL = YES;
				CLANG_ANALYZER_NUMBER_OBJECT_CONVERSION = YES_AGGRESSIVE;
				CLANG_CXX_LANGUAGE_STANDARD = "gnu++0x";
				CLANG_CXX_LIBRARY = "libc++";
				CLANG_ENABLE_MODULES = YES;
				CLANG_ENABLE_OBJC_ARC = YES;
				CLANG_WARN_BOOL_CONVERSION = YES;
				CLANG_WARN_CONSTANT_CONVERSION = YES;
				CLANG_WARN_DIRECT_OBJC_ISA_USAGE = YES_ERROR;
				CLANG_WARN_DOCUMENTATION_COMMENTS = YES;
				CLANG_WARN_EMPTY_BODY = YES;
				CLANG_WARN_ENUM_CONVERSION = YES;
				CLANG_WARN_INFINITE_RECURSION = YES;
				CLANG_WARN_INT_CONVERSION = YES;
				CLANG_WARN_OBJC_ROOT_CLASS = YES_ERROR;
				CLANG_WARN_SUSPICIOUS_MOVE = YES;
				CLANG_WARN_UNREACHABLE_CODE = YES;
				CLANG_WARN__DUPLICATE_METHOD_MATCH = YES;
				"CODE_SIGN_IDENTITY[sdk=iphoneos*]" = "iPhone Developer";
				COPY_PHASE_STRIP = NO;
				DEBUG_INFORMATION_FORMAT = "dwarf-with-dsym";
				ENABLE_NS_ASSERTIONS = NO;
				ENABLE_STRICT_OBJC_MSGSEND = YES;
				GCC_C_LANGUAGE_STANDARD = gnu99;
				GCC_NO_COMMON_BLOCKS = YES;
				GCC_WARN_64_TO_32_BIT_CONVERSION = YES;
				GCC_WARN_ABOUT_RETURN_TYPE = YES_ERROR;
				GCC_WARN_UNDECLARED_SELECTOR = YES;
				GCC_WARN_UNINITIALIZED_AUTOS = YES_AGGRESSIVE;
				GCC_WARN_UNUSED_FUNCTION = YES;
				GCC_WARN_UNUSED_VARIABLE = YES;
				IPHONEOS_DEPLOYMENT_TARGET = 10.3;
				MTL_ENABLE_DEBUG_INFO = NO;
				SDKROOT = iphoneos;
				SWIFT_OPTIMIZATION_LEVEL = "-Owholemodule";
				TARGETED_DEVICE_FAMILY = "1,2";
				VALIDATE_PRODUCT = YES;
			};
			name = Release;
		};
		94D3CDB31EAC246900AAE7FD /* Debug */ = {
			isa = XCBuildConfiguration;
			buildSettings = {
				ASSETCATALOG_COMPILER_APPICON_NAME = AppIcon;
				DEVELOPMENT_TEAM = 6WA6Y7KBQJ;
				INFOPLIST_FILE = RandomEats/Info.plist;
				IPHONEOS_DEPLOYMENT_TARGET = 8.0;
				LD_RUNPATH_SEARCH_PATHS = "$(inherited) @executable_path/Frameworks";
				PRODUCT_BUNDLE_IDENTIFIER = com.bwnguyen.RandomEats;
				PRODUCT_NAME = "$(TARGET_NAME)";
				SWIFT_VERSION = 3.0;
				TARGETED_DEVICE_FAMILY = 1;
			};
			name = Debug;
		};
		94D3CDB41EAC246900AAE7FD /* Release */ = {
			isa = XCBuildConfiguration;
			buildSettings = {
				ASSETCATALOG_COMPILER_APPICON_NAME = AppIcon;
				DEVELOPMENT_TEAM = 6WA6Y7KBQJ;
				INFOPLIST_FILE = RandomEats/Info.plist;
				IPHONEOS_DEPLOYMENT_TARGET = 8.0;
				LD_RUNPATH_SEARCH_PATHS = "$(inherited) @executable_path/Frameworks";
				PRODUCT_BUNDLE_IDENTIFIER = com.bwnguyen.RandomEats;
				PRODUCT_NAME = "$(TARGET_NAME)";
				SWIFT_VERSION = 3.0;
				TARGETED_DEVICE_FAMILY = 1;
			};
			name = Release;
		};
/* End XCBuildConfiguration section */

/* Begin XCConfigurationList section */
		94D3CD9B1EAC246900AAE7FD /* Build configuration list for PBXProject "RandomEats" */ = {
			isa = XCConfigurationList;
			buildConfigurations = (
				94D3CDB01EAC246900AAE7FD /* Debug */,
				94D3CDB11EAC246900AAE7FD /* Release */,
			);
			defaultConfigurationIsVisible = 0;
			defaultConfigurationName = Release;
		};
		94D3CDB21EAC246900AAE7FD /* Build configuration list for PBXNativeTarget "RandomEats" */ = {
			isa = XCConfigurationList;
			buildConfigurations = (
				94D3CDB31EAC246900AAE7FD /* Debug */,
				94D3CDB41EAC246900AAE7FD /* Release */,
			);
			defaultConfigurationIsVisible = 0;
			defaultConfigurationName = Release;
		};
/* End XCConfigurationList section */
	};
	rootObject = 94D3CD981EAC246900AAE7FD /* Project object */;
}
